
Microsoft Visual Studio Solution File, Format Version 12.00
# Visual Studio Version 17
VisualStudioVersion = 17.0.32014.148
MinimumVisualStudioVersion = 10.0.40219.1
Project("{9A19103F-16F7-4668-BE54-9A1E7A4F7556}") = "CovidDataLake.WebApi", "CovidDataLake.WebApi\CovidDataLake.WebApi.csproj", "{41342A05-0D20-48D8-83A1-B0704668F234}"
EndProject
Project("{9A19103F-16F7-4668-BE54-9A1E7A4F7556}") = "CovidDataLake.ContentIndexer", "CovidDataLake.ContentIndexer\CovidDataLake.ContentIndexer.csproj", "{4B68EAF3-15FA-4CD0-B39A-D1BE0C3279FB}"
EndProject
Project("{2150E333-8FDC-42A3-9474-1A3956D46DE8}") = "Solution Items", "Solution Items", "{FBDF2201-B0C4-495E-982C-7560C886165D}"
	ProjectSection(SolutionItems) = preProject
		.editorconfig = .editorconfig
	EndProjectSection
EndProject
Project("{9A19103F-16F7-4668-BE54-9A1E7A4F7556}") = "CovidDataLake.Queries", "CovidDataLake.Queries\CovidDataLake.Queries.csproj", "{815FDAAE-2650-42D3-A96A-BA0DA118202F}"
EndProject
Project("{9A19103F-16F7-4668-BE54-9A1E7A4F7556}") = "CovidDataLake.Pubsub", "CovidDataLake.Pubsub\CovidDataLake.Pubsub.csproj", "{F209A20C-F6DC-417F-AB2C-8835137C1445}"
EndProject
Project("{9A19103F-16F7-4668-BE54-9A1E7A4F7556}") = "CovidDataLake.MetadataIndexer", "CovidDataLake.MetadataIndexer\CovidDataLake.MetadataIndexer.csproj", "{21C0755E-CEF9-4348-85F9-70C99BE08B19}"
EndProject
Project("{9A19103F-16F7-4668-BE54-9A1E7A4F7556}") = "CovidDataLake.Common", "CovidDataLake.Common\CovidDataLake.Common.csproj", "{71D8C1D6-8FC8-41B8-ADA7-6A2BB8ABF7E3}"
EndProject
Project("{9A19103F-16F7-4668-BE54-9A1E7A4F7556}") = "CovidDataLake.Cloud", "CovidDataLake.Cloud\CovidDataLake.Cloud.csproj", "{55AE914D-2CE7-48A7-9287-CF28046B143D}"
EndProject
Global
	GlobalSection(SolutionConfigurationPlatforms) = preSolution
		Debug|Any CPU = Debug|Any CPU
		Release|Any CPU = Release|Any CPU
	EndGlobalSection
	GlobalSection(ProjectConfigurationPlatforms) = postSolution
		{41342A05-0D20-48D8-83A1-B0704668F234}.Debug|Any CPU.ActiveCfg = Debug|Any CPU
		{41342A05-0D20-48D8-83A1-B0704668F234}.Debug|Any CPU.Build.0 = Debug|Any CPU
		{41342A05-0D20-48D8-83A1-B0704668F234}.Release|Any CPU.ActiveCfg = Release|Any CPU
		{41342A05-0D20-48D8-83A1-B0704668F234}.Release|Any CPU.Build.0 = Release|Any CPU
		{4B68EAF3-15FA-4CD0-B39A-D1BE0C3279FB}.Debug|Any CPU.ActiveCfg = Debug|Any CPU
		{4B68EAF3-15FA-4CD0-B39A-D1BE0C3279FB}.Debug|Any CPU.Build.0 = Debug|Any CPU
		{4B68EAF3-15FA-4CD0-B39A-D1BE0C3279FB}.Release|Any CPU.ActiveCfg = Release|Any CPU
		{4B68EAF3-15FA-4CD0-B39A-D1BE0C3279FB}.Release|Any CPU.Build.0 = Release|Any CPU
		{815FDAAE-2650-42D3-A96A-BA0DA118202F}.Debug|Any CPU.ActiveCfg = Debug|Any CPU
		{815FDAAE-2650-42D3-A96A-BA0DA118202F}.Debug|Any CPU.Build.0 = Debug|Any CPU
		{815FDAAE-2650-42D3-A96A-BA0DA118202F}.Release|Any CPU.ActiveCfg = Release|Any CPU
		{815FDAAE-2650-42D3-A96A-BA0DA118202F}.Release|Any CPU.Build.0 = Release|Any CPU
		{F209A20C-F6DC-417F-AB2C-8835137C1445}.Debug|Any CPU.ActiveCfg = Debug|Any CPU
		{F209A20C-F6DC-417F-AB2C-8835137C1445}.Debug|Any CPU.Build.0 = Debug|Any CPU
		{F209A20C-F6DC-417F-AB2C-8835137C1445}.Release|Any CPU.ActiveCfg = Release|Any CPU
		{F209A20C-F6DC-417F-AB2C-8835137C1445}.Release|Any CPU.Build.0 = Release|Any CPU
		{21C0755E-CEF9-4348-85F9-70C99BE08B19}.Debug|Any CPU.ActiveCfg = Debug|Any CPU
		{21C0755E-CEF9-4348-85F9-70C99BE08B19}.Debug|Any CPU.Build.0 = Debug|Any CPU
		{21C0755E-CEF9-4348-85F9-70C99BE08B19}.Release|Any CPU.ActiveCfg = Release|Any CPU
		{21C0755E-CEF9-4348-85F9-70C99BE08B19}.Release|Any CPU.Build.0 = Release|Any CPU
		{71D8C1D6-8FC8-41B8-ADA7-6A2BB8ABF7E3}.Debug|Any CPU.ActiveCfg = Debug|Any CPU
		{71D8C1D6-8FC8-41B8-ADA7-6A2BB8ABF7E3}.Debug|Any CPU.Build.0 = Debug|Any CPU
		{71D8C1D6-8FC8-41B8-ADA7-6A2BB8ABF7E3}.Release|Any CPU.ActiveCfg = Release|Any CPU
		{71D8C1D6-8FC8-41B8-ADA7-6A2BB8ABF7E3}.Release|Any CPU.Build.0 = Release|Any CPU
		{55AE914D-2CE7-48A7-9287-CF28046B143D}.Debug|Any CPU.ActiveCfg = Debug|Any CPU
		{55AE914D-2CE7-48A7-9287-CF28046B143D}.Debug|Any CPU.Build.0 = Debug|Any CPU
		{55AE914D-2CE7-48A7-9287-CF28046B143D}.Release|Any CPU.ActiveCfg = Release|Any CPU
		{55AE914D-2CE7-48A7-9287-CF28046B143D}.Release|Any CPU.Build.0 = Release|Any CPU
	EndGlobalSection
	GlobalSection(SolutionProperties) = preSolution
		HideSolutionNode = FALSE
	EndGlobalSection
	GlobalSection(ExtensibilityGlobals) = postSolution
		SolutionGuid = {3BA560AC-719D-4400-8CC7-4C5E2D4B86BB}
	EndGlobalSection
EndGlobal
