
Microsoft Visual Studio Solution File, Format Version 12.00
# Visual Studio Version 16
VisualStudioVersion = 16.0.31321.278
MinimumVisualStudioVersion = 10.0.40219.1
Project("{9A19103F-16F7-4668-BE54-9A1E7A4F7556}") = "CovidDataLake.WebApi", "CovidDataLake.WebApi\CovidDataLake.WebApi.csproj", "{41342A05-0D20-48D8-83A1-B0704668F234}"
EndProject
Project("{9A19103F-16F7-4668-BE54-9A1E7A4F7556}") = "CovidDataLake.ContentIndexer", "CovidDataLake.ContentIndexer\CovidDataLake.ContentIndexer.csproj", "{4B68EAF3-15FA-4CD0-B39A-D1BE0C3279FB}"
EndProject
Project("{9A19103F-16F7-4668-BE54-9A1E7A4F7556}") = "CovidDataLake.MetadataIndexer", "CovidDataLake.MetadataIndexer\CovidDataLake.MetadataIndexer.csproj", "{987B867A-172B-4702-A9B1-7D0FFF39DEBF}"
EndProject
Project("{9A19103F-16F7-4668-BE54-9A1E7A4F7556}") = "CovidDataLake.Kafka", "CovidDataLake.Kafka\CovidDataLake.Kafka.csproj", "{B4D1575F-29EC-4841-BF5C-26AF2DC4C218}"
EndProject
Project("{9A19103F-16F7-4668-BE54-9A1E7A4F7556}") = "CovidDataLake.Storage", "CovidDataLake.Storage\CovidDataLake.Storage.csproj", "{A13D5BF2-9557-4609-95CD-D941EF9BEB77}"
EndProject
Project("{FAE04EC0-301F-11D3-BF4B-00C04F79EFBC}") = "CovidDataLake.Common", "CovidDataLake.Common\CovidDataLake.Common.csproj", "{7A717B34-6777-4E34-8118-8F4DDA8C3FEC}"
EndProject
Global
	GlobalSection(SolutionConfigurationPlatforms) = preSolution
		Debug|Any CPU = Debug|Any CPU
		Release|Any CPU = Release|Any CPU
	EndGlobalSection
	GlobalSection(ProjectConfigurationPlatforms) = postSolution
		{41342A05-0D20-48D8-83A1-B0704668F234}.Debug|Any CPU.ActiveCfg = Debug|Any CPU
		{41342A05-0D20-48D8-83A1-B0704668F234}.Debug|Any CPU.Build.0 = Debug|Any CPU
		{41342A05-0D20-48D8-83A1-B0704668F234}.Release|Any CPU.ActiveCfg = Release|Any CPU
		{41342A05-0D20-48D8-83A1-B0704668F234}.Release|Any CPU.Build.0 = Release|Any CPU
		{4B68EAF3-15FA-4CD0-B39A-D1BE0C3279FB}.Debug|Any CPU.ActiveCfg = Debug|Any CPU
		{4B68EAF3-15FA-4CD0-B39A-D1BE0C3279FB}.Debug|Any CPU.Build.0 = Debug|Any CPU
		{4B68EAF3-15FA-4CD0-B39A-D1BE0C3279FB}.Release|Any CPU.ActiveCfg = Release|Any CPU
		{4B68EAF3-15FA-4CD0-B39A-D1BE0C3279FB}.Release|Any CPU.Build.0 = Release|Any CPU
		{987B867A-172B-4702-A9B1-7D0FFF39DEBF}.Debug|Any CPU.ActiveCfg = Debug|Any CPU
		{987B867A-172B-4702-A9B1-7D0FFF39DEBF}.Debug|Any CPU.Build.0 = Debug|Any CPU
		{987B867A-172B-4702-A9B1-7D0FFF39DEBF}.Release|Any CPU.ActiveCfg = Release|Any CPU
		{987B867A-172B-4702-A9B1-7D0FFF39DEBF}.Release|Any CPU.Build.0 = Release|Any CPU
		{B4D1575F-29EC-4841-BF5C-26AF2DC4C218}.Debug|Any CPU.ActiveCfg = Debug|Any CPU
		{B4D1575F-29EC-4841-BF5C-26AF2DC4C218}.Debug|Any CPU.Build.0 = Debug|Any CPU
		{B4D1575F-29EC-4841-BF5C-26AF2DC4C218}.Release|Any CPU.ActiveCfg = Release|Any CPU
		{B4D1575F-29EC-4841-BF5C-26AF2DC4C218}.Release|Any CPU.Build.0 = Release|Any CPU
		{A13D5BF2-9557-4609-95CD-D941EF9BEB77}.Debug|Any CPU.ActiveCfg = Debug|Any CPU
		{A13D5BF2-9557-4609-95CD-D941EF9BEB77}.Debug|Any CPU.Build.0 = Debug|Any CPU
		{A13D5BF2-9557-4609-95CD-D941EF9BEB77}.Release|Any CPU.ActiveCfg = Release|Any CPU
		{A13D5BF2-9557-4609-95CD-D941EF9BEB77}.Release|Any CPU.Build.0 = Release|Any CPU
		{7A717B34-6777-4E34-8118-8F4DDA8C3FEC}.Debug|Any CPU.ActiveCfg = Debug|Any CPU
		{7A717B34-6777-4E34-8118-8F4DDA8C3FEC}.Debug|Any CPU.Build.0 = Debug|Any CPU
		{7A717B34-6777-4E34-8118-8F4DDA8C3FEC}.Release|Any CPU.ActiveCfg = Release|Any CPU
		{7A717B34-6777-4E34-8118-8F4DDA8C3FEC}.Release|Any CPU.Build.0 = Release|Any CPU
	EndGlobalSection
	GlobalSection(SolutionProperties) = preSolution
		HideSolutionNode = FALSE
	EndGlobalSection
	GlobalSection(ExtensibilityGlobals) = postSolution
		SolutionGuid = {3BA560AC-719D-4400-8CC7-4C5E2D4B86BB}
	EndGlobalSection
EndGlobal
